
Microsoft Visual Studio Solution File, Format Version 12.00
# Visual Studio Version 16
VisualStudioVersion = 16.0.29318.209
MinimumVisualStudioVersion = 10.0.40219.1
Project("{FAE04EC0-301F-11D3-BF4B-00C04F79EFBC}") = "WpfAppCore3", "WpfAppCore3\WpfAppCore3.csproj", "{E6DA9DBC-3745-415C-8FFD-DD82913D8D2A}"
EndProject
Project("{FAE04EC0-301F-11D3-BF4B-00C04F79EFBC}") = "UWPClassLibrary1", "UWPClassLibrary1\UWPClassLibrary1.csproj", "{BBD27F24-C8A5-44F9-8000-9EFABCD872B7}"
EndProject
Project("{C7167F0D-BC9F-4E6E-AFE1-012C56B48DB5}") = "WapProjTemplate1", "WapProjTemplate1\WapProjTemplate1.wapproj", "{7B548EC7-5F9F-430A-AF19-8F90B861E817}"
EndProject
Global
	GlobalSection(SolutionConfigurationPlatforms) = preSolution
		Debug|Any CPU = Debug|Any CPU
		Debug|ARM = Debug|ARM
		Debug|ARM64 = Debug|ARM64
		Debug|x64 = Debug|x64
		Debug|x86 = Debug|x86
		Release|Any CPU = Release|Any CPU
		Release|ARM = Release|ARM
		Release|ARM64 = Release|ARM64
		Release|x64 = Release|x64
		Release|x86 = Release|x86
	EndGlobalSection
	GlobalSection(ProjectConfigurationPlatforms) = postSolution
		{E6DA9DBC-3745-415C-8FFD-DD82913D8D2A}.Debug|Any CPU.ActiveCfg = Debug|Any CPU
		{E6DA9DBC-3745-415C-8FFD-DD82913D8D2A}.Debug|Any CPU.Build.0 = Debug|Any CPU
		{E6DA9DBC-3745-415C-8FFD-DD82913D8D2A}.Debug|ARM.ActiveCfg = Debug|Any CPU
		{E6DA9DBC-3745-415C-8FFD-DD82913D8D2A}.Debug|ARM.Build.0 = Debug|Any CPU
		{E6DA9DBC-3745-415C-8FFD-DD82913D8D2A}.Debug|ARM64.ActiveCfg = Debug|Any CPU
		{E6DA9DBC-3745-415C-8FFD-DD82913D8D2A}.Debug|ARM64.Build.0 = Debug|Any CPU
		{E6DA9DBC-3745-415C-8FFD-DD82913D8D2A}.Debug|x64.ActiveCfg = Debug|Any CPU
		{E6DA9DBC-3745-415C-8FFD-DD82913D8D2A}.Debug|x64.Build.0 = Debug|Any CPU
		{E6DA9DBC-3745-415C-8FFD-DD82913D8D2A}.Debug|x86.ActiveCfg = Debug|Any CPU
		{E6DA9DBC-3745-415C-8FFD-DD82913D8D2A}.Debug|x86.Build.0 = Debug|Any CPU
		{E6DA9DBC-3745-415C-8FFD-DD82913D8D2A}.Release|Any CPU.ActiveCfg = Release|Any CPU
		{E6DA9DBC-3745-415C-8FFD-DD82913D8D2A}.Release|Any CPU.Build.0 = Release|Any CPU
		{E6DA9DBC-3745-415C-8FFD-DD82913D8D2A}.Release|ARM.ActiveCfg = Release|Any CPU
		{E6DA9DBC-3745-415C-8FFD-DD82913D8D2A}.Release|ARM.Build.0 = Release|Any CPU
		{E6DA9DBC-3745-415C-8FFD-DD82913D8D2A}.Release|ARM64.ActiveCfg = Release|Any CPU
		{E6DA9DBC-3745-415C-8FFD-DD82913D8D2A}.Release|ARM64.Build.0 = Release|Any CPU
		{E6DA9DBC-3745-415C-8FFD-DD82913D8D2A}.Release|x64.ActiveCfg = Release|Any CPU
		{E6DA9DBC-3745-415C-8FFD-DD82913D8D2A}.Release|x64.Build.0 = Release|Any CPU
		{E6DA9DBC-3745-415C-8FFD-DD82913D8D2A}.Release|x86.ActiveCfg = Release|Any CPU
		{E6DA9DBC-3745-415C-8FFD-DD82913D8D2A}.Release|x86.Build.0 = Release|Any CPU
		{BBD27F24-C8A5-44F9-8000-9EFABCD872B7}.Debug|Any CPU.ActiveCfg = Debug|Any CPU
		{BBD27F24-C8A5-44F9-8000-9EFABCD872B7}.Debug|Any CPU.Build.0 = Debug|Any CPU
		{BBD27F24-C8A5-44F9-8000-9EFABCD872B7}.Debug|ARM.ActiveCfg = Debug|ARM
		{BBD27F24-C8A5-44F9-8000-9EFABCD872B7}.Debug|ARM.Build.0 = Debug|ARM
		{BBD27F24-C8A5-44F9-8000-9EFABCD872B7}.Debug|ARM64.ActiveCfg = Debug|ARM64
		{BBD27F24-C8A5-44F9-8000-9EFABCD872B7}.Debug|ARM64.Build.0 = Debug|ARM64
		{BBD27F24-C8A5-44F9-8000-9EFABCD872B7}.Debug|x64.ActiveCfg = Debug|x64
		{BBD27F24-C8A5-44F9-8000-9EFABCD872B7}.Debug|x64.Build.0 = Debug|x64
		{BBD27F24-C8A5-44F9-8000-9EFABCD872B7}.Debug|x86.ActiveCfg = Debug|x86
		{BBD27F24-C8A5-44F9-8000-9EFABCD872B7}.Debug|x86.Build.0 = Debug|x86
		{BBD27F24-C8A5-44F9-8000-9EFABCD872B7}.Release|Any CPU.ActiveCfg = Release|Any CPU
		{BBD27F24-C8A5-44F9-8000-9EFABCD872B7}.Release|Any CPU.Build.0 = Release|Any CPU
		{BBD27F24-C8A5-44F9-8000-9EFABCD872B7}.Release|ARM.ActiveCfg = Release|ARM
		{BBD27F24-C8A5-44F9-8000-9EFABCD872B7}.Release|ARM.Build.0 = Release|ARM
		{BBD27F24-C8A5-44F9-8000-9EFABCD872B7}.Release|ARM64.ActiveCfg = Release|ARM64
		{BBD27F24-C8A5-44F9-8000-9EFABCD872B7}.Release|ARM64.Build.0 = Release|ARM64
		{BBD27F24-C8A5-44F9-8000-9EFABCD872B7}.Release|x64.ActiveCfg = Release|x64
		{BBD27F24-C8A5-44F9-8000-9EFABCD872B7}.Release|x64.Build.0 = Release|x64
		{BBD27F24-C8A5-44F9-8000-9EFABCD872B7}.Release|x86.ActiveCfg = Release|x86
		{BBD27F24-C8A5-44F9-8000-9EFABCD872B7}.Release|x86.Build.0 = Release|x86
		{7B548EC7-5F9F-430A-AF19-8F90B861E817}.Debug|Any CPU.ActiveCfg = Debug|Any CPU
		{7B548EC7-5F9F-430A-AF19-8F90B861E817}.Debug|Any CPU.Build.0 = Debug|Any CPU
		{7B548EC7-5F9F-430A-AF19-8F90B861E817}.Debug|Any CPU.Deploy.0 = Debug|Any CPU
		{7B548EC7-5F9F-430A-AF19-8F90B861E817}.Debug|ARM.ActiveCfg = Debug|ARM
		{7B548EC7-5F9F-430A-AF19-8F90B861E817}.Debug|ARM.Build.0 = Debug|ARM
		{7B548EC7-5F9F-430A-AF19-8F90B861E817}.Debug|ARM.Deploy.0 = Debug|ARM
		{7B548EC7-5F9F-430A-AF19-8F90B861E817}.Debug|ARM64.ActiveCfg = Debug|ARM64
		{7B548EC7-5F9F-430A-AF19-8F90B861E817}.Debug|ARM64.Build.0 = Debug|ARM64
		{7B548EC7-5F9F-430A-AF19-8F90B861E817}.Debug|ARM64.Deploy.0 = Debug|ARM64
		{7B548EC7-5F9F-430A-AF19-8F90B861E817}.Debug|x64.ActiveCfg = Debug|x64
		{7B548EC7-5F9F-430A-AF19-8F90B861E817}.Debug|x64.Build.0 = Debug|x64
		{7B548EC7-5F9F-430A-AF19-8F90B861E817}.Debug|x64.Deploy.0 = Debug|x64
		{7B548EC7-5F9F-430A-AF19-8F90B861E817}.Debug|x86.ActiveCfg = Debug|x86
		{7B548EC7-5F9F-430A-AF19-8F90B861E817}.Debug|x86.Build.0 = Debug|x86
		{7B548EC7-5F9F-430A-AF19-8F90B861E817}.Debug|x86.Deploy.0 = Debug|x86
		{7B548EC7-5F9F-430A-AF19-8F90B861E817}.Release|Any CPU.ActiveCfg = Release|Any CPU
		{7B548EC7-5F9F-430A-AF19-8F90B861E817}.Release|Any CPU.Build.0 = Release|Any CPU
		{7B548EC7-5F9F-430A-AF19-8F90B861E817}.Release|Any CPU.Deploy.0 = Release|Any CPU
		{7B548EC7-5F9F-430A-AF19-8F90B861E817}.Release|ARM.ActiveCfg = Release|ARM
		{7B548EC7-5F9F-430A-AF19-8F90B861E817}.Release|ARM.Build.0 = Release|ARM
		{7B548EC7-5F9F-430A-AF19-8F90B861E817}.Release|ARM.Deploy.0 = Release|ARM
		{7B548EC7-5F9F-430A-AF19-8F90B861E817}.Release|ARM64.ActiveCfg = Release|ARM64
		{7B548EC7-5F9F-430A-AF19-8F90B861E817}.Release|ARM64.Build.0 = Release|ARM64
		{7B548EC7-5F9F-430A-AF19-8F90B861E817}.Release|ARM64.Deploy.0 = Release|ARM64
		{7B548EC7-5F9F-430A-AF19-8F90B861E817}.Release|x64.ActiveCfg = Release|x64
		{7B548EC7-5F9F-430A-AF19-8F90B861E817}.Release|x64.Build.0 = Release|x64
		{7B548EC7-5F9F-430A-AF19-8F90B861E817}.Release|x64.Deploy.0 = Release|x64
		{7B548EC7-5F9F-430A-AF19-8F90B861E817}.Release|x86.ActiveCfg = Release|x86
		{7B548EC7-5F9F-430A-AF19-8F90B861E817}.Release|x86.Build.0 = Release|x86
		{7B548EC7-5F9F-430A-AF19-8F90B861E817}.Release|x86.Deploy.0 = Release|x86
	EndGlobalSection
	GlobalSection(SolutionProperties) = preSolution
		HideSolutionNode = FALSE
	EndGlobalSection
	GlobalSection(ExtensibilityGlobals) = postSolution
		SolutionGuid = {90723F19-D439-4EEB-B693-78624967B77D}
	EndGlobalSection
EndGlobal
